
Microsoft Visual Studio Solution File, Format Version 12.00
# Visual Studio 2013
VisualStudioVersion = 12.0.31101.0
MinimumVisualStudioVersion = 10.0.40219.1
Project("{2150E333-8FDC-42A3-9474-1A3956D46DE8}") = "Business", "Business", "{6F634B08-75E0-4811-AEEF-4C26C1A3711B}"
EndProject
Project("{2150E333-8FDC-42A3-9474-1A3956D46DE8}") = "Client", "Client", "{DE57FC25-58BA-417D-A032-E26AA335AB7D}"
EndProject
Project("{2150E333-8FDC-42A3-9474-1A3956D46DE8}") = "Core", "Core", "{CDD8CE59-A42A-461F-89A9-977E510B7094}"
EndProject
Project("{2150E333-8FDC-42A3-9474-1A3956D46DE8}") = "Tests", "Tests", "{9ED1A71F-419B-4836-A9A6-E150B45E3DA8}"
EndProject
Project("{FAE04EC0-301F-11D3-BF4B-00C04F79EFBC}") = "CarRental.Business.Entities", "CarRental.Business.Entities\CarRental.Business.Entities.csproj", "{86B96882-6115-419B-9010-06C4E683D410}"
EndProject
Project("{FAE04EC0-301F-11D3-BF4B-00C04F79EFBC}") = "CarRental.Client.Entities", "CarRental.Client.Entities\CarRental.Client.Entities.csproj", "{8EEDF042-1D18-4C1F-BC24-A936E50E46F6}"
EndProject
Project("{FAE04EC0-301F-11D3-BF4B-00C04F79EFBC}") = "Core.Common", "Core.Common\Core.Common.csproj", "{93B5319F-B5E2-4557-A133-2D6D775C4670}"
EndProject
Project("{FAE04EC0-301F-11D3-BF4B-00C04F79EFBC}") = "Core.Common.Contract", "Core.Common.Contract\Core.Common.Contract.csproj", "{FDEBBFA4-3ADD-47A6-81EB-56B17EAA7A2E}"
EndProject
Project("{FAE04EC0-301F-11D3-BF4B-00C04F79EFBC}") = "Core.Common.Tests", "Core.Common.Tests\Core.Common.Tests.csproj", "{D7337FF2-DD24-4553-901B-952C437A2924}"
EndProject
Project("{2150E333-8FDC-42A3-9474-1A3956D46DE8}") = "Resource Access", "Resource Access", "{6D0F4A08-A8AE-4AB4-BF5B-50B3C47906CE}"
EndProject
Project("{FAE04EC0-301F-11D3-BF4B-00C04F79EFBC}") = "CarRental.Data", "CarRental.Data\CarRental.Data.csproj", "{C2C3DECF-43E0-4A21-844A-6A717407703F}"
EndProject
Project("{FAE04EC0-301F-11D3-BF4B-00C04F79EFBC}") = "CarRental.Data.Contracts", "CarRental.Data.Contracts\CarRental.Data.Contracts.csproj", "{FE61C4FD-D63C-48BB-B9E1-1DE277D5005D}"
EndProject
Project("{FAE04EC0-301F-11D3-BF4B-00C04F79EFBC}") = "CarRental.Data.Test", "CarRental.Data.Test\CarRental.Data.Test.csproj", "{E2E2A9DD-4D34-4F77-8B8F-94ED8B8E2ACC}"
EndProject
Project("{FAE04EC0-301F-11D3-BF4B-00C04F79EFBC}") = "CarRental.Business.Bootstrapper", "CarRental.Business.Bootstrapper\CarRental.Business.Bootstrapper.csproj", "{2661A979-40F5-4AD0-8852-A22C032BE22C}"
EndProject
Global
	GlobalSection(SolutionConfigurationPlatforms) = preSolution
		Debug|Any CPU = Debug|Any CPU
		Release|Any CPU = Release|Any CPU
	EndGlobalSection
	GlobalSection(ProjectConfigurationPlatforms) = postSolution
		{86B96882-6115-419B-9010-06C4E683D410}.Debug|Any CPU.ActiveCfg = Debug|Any CPU
		{86B96882-6115-419B-9010-06C4E683D410}.Debug|Any CPU.Build.0 = Debug|Any CPU
		{86B96882-6115-419B-9010-06C4E683D410}.Release|Any CPU.ActiveCfg = Release|Any CPU
		{86B96882-6115-419B-9010-06C4E683D410}.Release|Any CPU.Build.0 = Release|Any CPU
		{8EEDF042-1D18-4C1F-BC24-A936E50E46F6}.Debug|Any CPU.ActiveCfg = Debug|Any CPU
		{8EEDF042-1D18-4C1F-BC24-A936E50E46F6}.Debug|Any CPU.Build.0 = Debug|Any CPU
		{8EEDF042-1D18-4C1F-BC24-A936E50E46F6}.Release|Any CPU.ActiveCfg = Release|Any CPU
		{8EEDF042-1D18-4C1F-BC24-A936E50E46F6}.Release|Any CPU.Build.0 = Release|Any CPU
		{93B5319F-B5E2-4557-A133-2D6D775C4670}.Debug|Any CPU.ActiveCfg = Debug|Any CPU
		{93B5319F-B5E2-4557-A133-2D6D775C4670}.Debug|Any CPU.Build.0 = Debug|Any CPU
		{93B5319F-B5E2-4557-A133-2D6D775C4670}.Release|Any CPU.ActiveCfg = Release|Any CPU
		{93B5319F-B5E2-4557-A133-2D6D775C4670}.Release|Any CPU.Build.0 = Release|Any CPU
		{FDEBBFA4-3ADD-47A6-81EB-56B17EAA7A2E}.Debug|Any CPU.ActiveCfg = Debug|Any CPU
		{FDEBBFA4-3ADD-47A6-81EB-56B17EAA7A2E}.Debug|Any CPU.Build.0 = Debug|Any CPU
		{FDEBBFA4-3ADD-47A6-81EB-56B17EAA7A2E}.Release|Any CPU.ActiveCfg = Release|Any CPU
		{FDEBBFA4-3ADD-47A6-81EB-56B17EAA7A2E}.Release|Any CPU.Build.0 = Release|Any CPU
		{D7337FF2-DD24-4553-901B-952C437A2924}.Debug|Any CPU.ActiveCfg = Debug|Any CPU
		{D7337FF2-DD24-4553-901B-952C437A2924}.Debug|Any CPU.Build.0 = Debug|Any CPU
		{D7337FF2-DD24-4553-901B-952C437A2924}.Release|Any CPU.ActiveCfg = Release|Any CPU
		{D7337FF2-DD24-4553-901B-952C437A2924}.Release|Any CPU.Build.0 = Release|Any CPU
		{C2C3DECF-43E0-4A21-844A-6A717407703F}.Debug|Any CPU.ActiveCfg = Debug|Any CPU
		{C2C3DECF-43E0-4A21-844A-6A717407703F}.Debug|Any CPU.Build.0 = Debug|Any CPU
		{C2C3DECF-43E0-4A21-844A-6A717407703F}.Release|Any CPU.ActiveCfg = Release|Any CPU
		{C2C3DECF-43E0-4A21-844A-6A717407703F}.Release|Any CPU.Build.0 = Release|Any CPU
		{FE61C4FD-D63C-48BB-B9E1-1DE277D5005D}.Debug|Any CPU.ActiveCfg = Debug|Any CPU
		{FE61C4FD-D63C-48BB-B9E1-1DE277D5005D}.Debug|Any CPU.Build.0 = Debug|Any CPU
		{FE61C4FD-D63C-48BB-B9E1-1DE277D5005D}.Release|Any CPU.ActiveCfg = Release|Any CPU
		{FE61C4FD-D63C-48BB-B9E1-1DE277D5005D}.Release|Any CPU.Build.0 = Release|Any CPU
		{E2E2A9DD-4D34-4F77-8B8F-94ED8B8E2ACC}.Debug|Any CPU.ActiveCfg = Debug|Any CPU
		{E2E2A9DD-4D34-4F77-8B8F-94ED8B8E2ACC}.Debug|Any CPU.Build.0 = Debug|Any CPU
		{E2E2A9DD-4D34-4F77-8B8F-94ED8B8E2ACC}.Release|Any CPU.ActiveCfg = Release|Any CPU
		{E2E2A9DD-4D34-4F77-8B8F-94ED8B8E2ACC}.Release|Any CPU.Build.0 = Release|Any CPU
		{2661A979-40F5-4AD0-8852-A22C032BE22C}.Debug|Any CPU.ActiveCfg = Debug|Any CPU
		{2661A979-40F5-4AD0-8852-A22C032BE22C}.Debug|Any CPU.Build.0 = Debug|Any CPU
		{2661A979-40F5-4AD0-8852-A22C032BE22C}.Release|Any CPU.ActiveCfg = Release|Any CPU
		{2661A979-40F5-4AD0-8852-A22C032BE22C}.Release|Any CPU.Build.0 = Release|Any CPU
	EndGlobalSection
	GlobalSection(SolutionProperties) = preSolution
		HideSolutionNode = FALSE
	EndGlobalSection
	GlobalSection(NestedProjects) = preSolution
		{86B96882-6115-419B-9010-06C4E683D410} = {6F634B08-75E0-4811-AEEF-4C26C1A3711B}
		{8EEDF042-1D18-4C1F-BC24-A936E50E46F6} = {DE57FC25-58BA-417D-A032-E26AA335AB7D}
		{93B5319F-B5E2-4557-A133-2D6D775C4670} = {CDD8CE59-A42A-461F-89A9-977E510B7094}
		{FDEBBFA4-3ADD-47A6-81EB-56B17EAA7A2E} = {CDD8CE59-A42A-461F-89A9-977E510B7094}
		{D7337FF2-DD24-4553-901B-952C437A2924} = {9ED1A71F-419B-4836-A9A6-E150B45E3DA8}
		{C2C3DECF-43E0-4A21-844A-6A717407703F} = {6D0F4A08-A8AE-4AB4-BF5B-50B3C47906CE}
		{FE61C4FD-D63C-48BB-B9E1-1DE277D5005D} = {6D0F4A08-A8AE-4AB4-BF5B-50B3C47906CE}
		{E2E2A9DD-4D34-4F77-8B8F-94ED8B8E2ACC} = {9ED1A71F-419B-4836-A9A6-E150B45E3DA8}
		{2661A979-40F5-4AD0-8852-A22C032BE22C} = {6F634B08-75E0-4811-AEEF-4C26C1A3711B}
	EndGlobalSection
EndGlobal
