
Microsoft Visual Studio Solution File, Format Version 12.00
# Visual Studio 2013
VisualStudioVersion = 12.0.31101.0
MinimumVisualStudioVersion = 10.0.40219.1
Project("{2150E333-8FDC-42A3-9474-1A3956D46DE8}") = "Business", "Business", "{6F634B08-75E0-4811-AEEF-4C26C1A3711B}"
EndProject
Project("{2150E333-8FDC-42A3-9474-1A3956D46DE8}") = "Client", "Client", "{DE57FC25-58BA-417D-A032-E26AA335AB7D}"
EndProject
Project("{2150E333-8FDC-42A3-9474-1A3956D46DE8}") = "Core", "Core", "{CDD8CE59-A42A-461F-89A9-977E510B7094}"
EndProject
Project("{2150E333-8FDC-42A3-9474-1A3956D46DE8}") = "Tests", "Tests", "{9ED1A71F-419B-4836-A9A6-E150B45E3DA8}"
EndProject
Project("{FAE04EC0-301F-11D3-BF4B-00C04F79EFBC}") = "CarRental.Business.Entities", "CarRental.Business.Entities\CarRental.Business.Entities.csproj", "{86B96882-6115-419B-9010-06C4E683D410}"
EndProject
Project("{FAE04EC0-301F-11D3-BF4B-00C04F79EFBC}") = "CarRental.Client.Entities", "CarRental.Client.Entities\CarRental.Client.Entities.csproj", "{8EEDF042-1D18-4C1F-BC24-A936E50E46F6}"
EndProject
Global
	GlobalSection(SolutionConfigurationPlatforms) = preSolution
		Debug|Any CPU = Debug|Any CPU
		Release|Any CPU = Release|Any CPU
	EndGlobalSection
	GlobalSection(ProjectConfigurationPlatforms) = postSolution
		{86B96882-6115-419B-9010-06C4E683D410}.Debug|Any CPU.ActiveCfg = Debug|Any CPU
		{86B96882-6115-419B-9010-06C4E683D410}.Debug|Any CPU.Build.0 = Debug|Any CPU
		{86B96882-6115-419B-9010-06C4E683D410}.Release|Any CPU.ActiveCfg = Release|Any CPU
		{86B96882-6115-419B-9010-06C4E683D410}.Release|Any CPU.Build.0 = Release|Any CPU
		{8EEDF042-1D18-4C1F-BC24-A936E50E46F6}.Debug|Any CPU.ActiveCfg = Debug|Any CPU
		{8EEDF042-1D18-4C1F-BC24-A936E50E46F6}.Debug|Any CPU.Build.0 = Debug|Any CPU
		{8EEDF042-1D18-4C1F-BC24-A936E50E46F6}.Release|Any CPU.ActiveCfg = Release|Any CPU
		{8EEDF042-1D18-4C1F-BC24-A936E50E46F6}.Release|Any CPU.Build.0 = Release|Any CPU
	EndGlobalSection
	GlobalSection(SolutionProperties) = preSolution
		HideSolutionNode = FALSE
	EndGlobalSection
	GlobalSection(NestedProjects) = preSolution
		{86B96882-6115-419B-9010-06C4E683D410} = {6F634B08-75E0-4811-AEEF-4C26C1A3711B}
		{8EEDF042-1D18-4C1F-BC24-A936E50E46F6} = {DE57FC25-58BA-417D-A032-E26AA335AB7D}
	EndGlobalSection
EndGlobal
